
Microsoft Visual Studio Solution File, Format Version 12.00
# Visual Studio Version 16
VisualStudioVersion = 16.0.29509.3
MinimumVisualStudioVersion = 10.0.40219.1
Project("{FAE04EC0-301F-11D3-BF4B-00C04F79EFBC}") = "RemoteVolumeController", "RemoteVolumeController\RemoteVolumeController.csproj", "{10275915-BE49-4291-86A1-C2622C7146FE}"
EndProject
Global
	GlobalSection(SolutionConfigurationPlatforms) = preSolution
		Debug|Any CPU = Debug|Any CPU
		Release|Any CPU = Release|Any CPU
	EndGlobalSection
	GlobalSection(ProjectConfigurationPlatforms) = postSolution
		{10275915-BE49-4291-86A1-C2622C7146FE}.Debug|Any CPU.ActiveCfg = Debug|Any CPU
		{10275915-BE49-4291-86A1-C2622C7146FE}.Debug|Any CPU.Build.0 = Debug|Any CPU
		{10275915-BE49-4291-86A1-C2622C7146FE}.Release|Any CPU.ActiveCfg = Release|Any CPU
		{10275915-BE49-4291-86A1-C2622C7146FE}.Release|Any CPU.Build.0 = Release|Any CPU
	EndGlobalSection
	GlobalSection(SolutionProperties) = preSolution
		HideSolutionNode = FALSE
	EndGlobalSection
	GlobalSection(ExtensibilityGlobals) = postSolution
		SolutionGuid = {1D8CCF45-F79B-4CF6-9651-AC6B2009F64B}
	EndGlobalSection
EndGlobal
